
Microsoft Visual Studio Solution File, Format Version 12.00
# Visual Studio Version 17
VisualStudioVersion = 17.7.34221.43
MinimumVisualStudioVersion = 10.0.40219.1
Project("{FAE04EC0-301F-11D3-BF4B-00C04F79EFBC}") = "Bakers", "Bakers\Bakers.csproj", "{5720750F-544F-4D89-A241-6BB20FC6A9E2}"
EndProject
Global
	GlobalSection(SolutionConfigurationPlatforms) = preSolution
		Debug|Any CPU = Debug|Any CPU
		Release|Any CPU = Release|Any CPU
	EndGlobalSection
	GlobalSection(ProjectConfigurationPlatforms) = postSolution
		{5720750F-544F-4D89-A241-6BB20FC6A9E2}.Debug|Any CPU.ActiveCfg = Debug|Any CPU
		{5720750F-544F-4D89-A241-6BB20FC6A9E2}.Debug|Any CPU.Build.0 = Debug|Any CPU
		{5720750F-544F-4D89-A241-6BB20FC6A9E2}.Release|Any CPU.ActiveCfg = Release|Any CPU
		{5720750F-544F-4D89-A241-6BB20FC6A9E2}.Release|Any CPU.Build.0 = Release|Any CPU
	EndGlobalSection
	GlobalSection(SolutionProperties) = preSolution
		HideSolutionNode = FALSE
	EndGlobalSection
	GlobalSection(ExtensibilityGlobals) = postSolution
		SolutionGuid = {B5D975C3-C313-4FC9-BFFD-7740519186E3}
	EndGlobalSection
EndGlobal
